
Microsoft Visual Studio Solution File, Format Version 12.00
# Visual Studio 14
VisualStudioVersion = 14.0.25420.1
MinimumVisualStudioVersion = 10.0.40219.1
Project("{FAE04EC0-301F-11D3-BF4B-00C04F79EFBC}") = "HI.InstallPackage", "HI.InstallPackage\HI.InstallPackage.csproj", "{829976F2-EE0A-438C-B544-B13145EC3432}"
EndProject
Project("{2150E333-8FDC-42A3-9474-1A3956D46DE8}") = "Libraries", "Libraries", "{2ABBE08E-0D99-416B-87EE-A09959812A26}"
	ProjectSection(SolutionItems) = preProject
		Libraries\Sitecore.Client.dll = Libraries\Sitecore.Client.dll
		Libraries\Sitecore.Kernel.dll = Libraries\Sitecore.Kernel.dll
		Libraries\Sitecore.Logging.dll = Libraries\Sitecore.Logging.dll
		Libraries\Sitecore.Zip.dll = Libraries\Sitecore.Zip.dll
	EndProjectSection
EndProject
Global
	GlobalSection(SolutionConfigurationPlatforms) = preSolution
		Debug|Any CPU = Debug|Any CPU
		Release|Any CPU = Release|Any CPU
	EndGlobalSection
	GlobalSection(ProjectConfigurationPlatforms) = postSolution
		{829976F2-EE0A-438C-B544-B13145EC3432}.Debug|Any CPU.ActiveCfg = Debug|Any CPU
		{829976F2-EE0A-438C-B544-B13145EC3432}.Debug|Any CPU.Build.0 = Debug|Any CPU
		{829976F2-EE0A-438C-B544-B13145EC3432}.Release|Any CPU.ActiveCfg = Release|Any CPU
		{829976F2-EE0A-438C-B544-B13145EC3432}.Release|Any CPU.Build.0 = Release|Any CPU
	EndGlobalSection
	GlobalSection(SolutionProperties) = preSolution
		HideSolutionNode = FALSE
	EndGlobalSection
EndGlobal
